
Microsoft Visual Studio Solution File, Format Version 12.00
# Visual Studio Version 16
VisualStudioVersion = 16.0.30523.141
MinimumVisualStudioVersion = 10.0.40219.1
Project("{FAE04EC0-301F-11D3-BF4B-00C04F79EFBC}") = "BookStore", "BookStore\BookStore.csproj", "{BDF12AA5-8FB1-450F-A22F-ED416686BA7D}"
EndProject
Global
	GlobalSection(SolutionConfigurationPlatforms) = preSolution
		Debug|Any CPU = Debug|Any CPU
		Release|Any CPU = Release|Any CPU
	EndGlobalSection
	GlobalSection(ProjectConfigurationPlatforms) = postSolution
		{BDF12AA5-8FB1-450F-A22F-ED416686BA7D}.Debug|Any CPU.ActiveCfg = Debug|Any CPU
		{BDF12AA5-8FB1-450F-A22F-ED416686BA7D}.Debug|Any CPU.Build.0 = Debug|Any CPU
		{BDF12AA5-8FB1-450F-A22F-ED416686BA7D}.Release|Any CPU.ActiveCfg = Release|Any CPU
		{BDF12AA5-8FB1-450F-A22F-ED416686BA7D}.Release|Any CPU.Build.0 = Release|Any CPU
	EndGlobalSection
	GlobalSection(SolutionProperties) = preSolution
		HideSolutionNode = FALSE
	EndGlobalSection
	GlobalSection(ExtensibilityGlobals) = postSolution
		SolutionGuid = {0F08D9B5-7AD8-4AE0-8164-4B5228DD0C18}
	EndGlobalSection
EndGlobal
